
Microsoft Visual Studio Solution File, Format Version 12.00
# Visual Studio 15
VisualStudioVersion = 15.0.27428.2015
MinimumVisualStudioVersion = 10.0.40219.1
Project("{F2A71F9B-5D33-465A-A702-920D77279786}") = "FRayTracer", "FRayTracer\FRayTracer.fsproj", "{ABB22D07-A0A4-48A6-B9D2-E884EAF9A08F}"
EndProject
Global
	GlobalSection(SolutionConfigurationPlatforms) = preSolution
		Debug|Any CPU = Debug|Any CPU
		Release|Any CPU = Release|Any CPU
	EndGlobalSection
	GlobalSection(ProjectConfigurationPlatforms) = postSolution
		{ABB22D07-A0A4-48A6-B9D2-E884EAF9A08F}.Debug|Any CPU.ActiveCfg = Debug|Any CPU
		{ABB22D07-A0A4-48A6-B9D2-E884EAF9A08F}.Debug|Any CPU.Build.0 = Debug|Any CPU
		{ABB22D07-A0A4-48A6-B9D2-E884EAF9A08F}.Release|Any CPU.ActiveCfg = Release|Any CPU
		{ABB22D07-A0A4-48A6-B9D2-E884EAF9A08F}.Release|Any CPU.Build.0 = Release|Any CPU
	EndGlobalSection
	GlobalSection(SolutionProperties) = preSolution
		HideSolutionNode = FALSE
	EndGlobalSection
	GlobalSection(ExtensibilityGlobals) = postSolution
		SolutionGuid = {6842C3F2-9A37-4103-A1C9-B0201D6E2A23}
	EndGlobalSection
EndGlobal
